// !$*UTF8*$!
{
	archiveVersion = 1;
	classes = {
	};
	objectVersion = 50;
	objects = {

/* Begin PBXBuildFile section */
		41958244236B234E0069CF48 /* CompletionView.swift in Sources */ = {isa = PBXBuildFile; fileRef = 41958243236B234E0069CF48 /* CompletionView.swift */; };
		41958246236B23680069CF48 /* QuestionView.swift in Sources */ = {isa = PBXBuildFile; fileRef = 41958245236B23680069CF48 /* QuestionView.swift */; };
		41958248236B239F0069CF48 /* SettingsView.swift in Sources */ = {isa = PBXBuildFile; fileRef = 41958247236B239F0069CF48 /* SettingsView.swift */; };
		4195824A236B23D60069CF48 /* DotsView.swift in Sources */ = {isa = PBXBuildFile; fileRef = 41958249236B23D60069CF48 /* DotsView.swift */; };
		4199653E2367703E00D4E68A /* AppDelegate.swift in Sources */ = {isa = PBXBuildFile; fileRef = 4199653D2367703E00D4E68A /* AppDelegate.swift */; };
		419965402367703E00D4E68A /* SceneDelegate.swift in Sources */ = {isa = PBXBuildFile; fileRef = 4199653F2367703E00D4E68A /* SceneDelegate.swift */; };
		419965422367703E00D4E68A /* ContentView.swift in Sources */ = {isa = PBXBuildFile; fileRef = 419965412367703E00D4E68A /* ContentView.swift */; };
		419965442367703F00D4E68A /* Assets.xcassets in Resources */ = {isa = PBXBuildFile; fileRef = 419965432367703F00D4E68A /* Assets.xcassets */; };
		419965472367703F00D4E68A /* Preview Assets.xcassets in Resources */ = {isa = PBXBuildFile; fileRef = 419965462367703F00D4E68A /* Preview Assets.xcassets */; };
		4199654A2367703F00D4E68A /* LaunchScreen.storyboard in Resources */ = {isa = PBXBuildFile; fileRef = 419965482367703F00D4E68A /* LaunchScreen.storyboard */; };
/* End PBXBuildFile section */

/* Begin PBXFileReference section */
		41958243236B234E0069CF48 /* CompletionView.swift */ = {isa = PBXFileReference; lastKnownFileType = sourcecode.swift; path = CompletionView.swift; sourceTree = "<group>"; };
		41958245236B23680069CF48 /* QuestionView.swift */ = {isa = PBXFileReference; lastKnownFileType = sourcecode.swift; path = QuestionView.swift; sourceTree = "<group>"; };
		41958247236B239F0069CF48 /* SettingsView.swift */ = {isa = PBXFileReference; lastKnownFileType = sourcecode.swift; path = SettingsView.swift; sourceTree = "<group>"; };
		41958249236B23D60069CF48 /* DotsView.swift */ = {isa = PBXFileReference; lastKnownFileType = sourcecode.swift; path = DotsView.swift; sourceTree = "<group>"; };
		4199653A2367703E00D4E68A /* WeMultiply.app */ = {isa = PBXFileReference; explicitFileType = wrapper.application; includeInIndex = 0; path = WeMultiply.app; sourceTree = BUILT_PRODUCTS_DIR; };
		4199653D2367703E00D4E68A /* AppDelegate.swift */ = {isa = PBXFileReference; lastKnownFileType = sourcecode.swift; path = AppDelegate.swift; sourceTree = "<group>"; };
		4199653F2367703E00D4E68A /* SceneDelegate.swift */ = {isa = PBXFileReference; lastKnownFileType = sourcecode.swift; path = SceneDelegate.swift; sourceTree = "<group>"; };
		419965412367703E00D4E68A /* ContentView.swift */ = {isa = PBXFileReference; lastKnownFileType = sourcecode.swift; path = ContentView.swift; sourceTree = "<group>"; };
		419965432367703F00D4E68A /* Assets.xcassets */ = {isa = PBXFileReference; lastKnownFileType = folder.assetcatalog; path = Assets.xcassets; sourceTree = "<group>"; };
		419965462367703F00D4E68A /* Preview Assets.xcassets */ = {isa = PBXFileReference; lastKnownFileType = folder.assetcatalog; path = "Preview Assets.xcassets"; sourceTree = "<group>"; };
		419965492367703F00D4E68A /* Base */ = {isa = PBXFileReference; lastKnownFileType = file.storyboard; name = Base; path = Base.lproj/LaunchScreen.storyboard; sourceTree = "<group>"; };
		4199654B2367703F00D4E68A /* Info.plist */ = {isa = PBXFileReference; lastKnownFileType = text.plist.xml; path = Info.plist; sourceTree = "<group>"; };
/* End PBXFileReference section */

/* Begin PBXFrameworksBuildPhase section */
		419965372367703E00D4E68A /* Frameworks */ = {
			isa = PBXFrameworksBuildPhase;
			buildActionMask = 2147483647;
			files = (
			);
			runOnlyForDeploymentPostprocessing = 0;
		};
/* End PBXFrameworksBuildPhase section */

/* Begin PBXGroup section */
		41958242236B233F0069CF48 /* Views */ = {
			isa = PBXGroup;
			children = (
				41958243236B234E0069CF48 /* CompletionView.swift */,
				41958245236B23680069CF48 /* QuestionView.swift */,
				41958247236B239F0069CF48 /* SettingsView.swift */,
				41958249236B23D60069CF48 /* DotsView.swift */,
			);
			path = Views;
			sourceTree = "<group>";
		};
		419965312367703E00D4E68A = {
			isa = PBXGroup;
			children = (
				4199653C2367703E00D4E68A /* WeMultiply */,
				4199653B2367703E00D4E68A /* Products */,
			);
			sourceTree = "<group>";
		};
		4199653B2367703E00D4E68A /* Products */ = {
			isa = PBXGroup;
			children = (
				4199653A2367703E00D4E68A /* WeMultiply.app */,
			);
			name = Products;
			sourceTree = "<group>";
		};
		4199653C2367703E00D4E68A /* WeMultiply */ = {
			isa = PBXGroup;
			children = (
				41958242236B233F0069CF48 /* Views */,
				4199653D2367703E00D4E68A /* AppDelegate.swift */,
				4199653F2367703E00D4E68A /* SceneDelegate.swift */,
				419965412367703E00D4E68A /* ContentView.swift */,
				419965432367703F00D4E68A /* Assets.xcassets */,
				419965482367703F00D4E68A /* LaunchScreen.storyboard */,
				4199654B2367703F00D4E68A /* Info.plist */,
				419965452367703F00D4E68A /* Preview Content */,
			);
			path = WeMultiply;
			sourceTree = "<group>";
		};
		419965452367703F00D4E68A /* Preview Content */ = {
			isa = PBXGroup;
			children = (
				419965462367703F00D4E68A /* Preview Assets.xcassets */,
			);
			path = "Preview Content";
			sourceTree = "<group>";
		};
/* End PBXGroup section */

/* Begin PBXNativeTarget section */
		419965392367703E00D4E68A /* WeMultiply */ = {
			isa = PBXNativeTarget;
			buildConfigurationList = 4199654E2367703F00D4E68A /* Build configuration list for PBXNativeTarget "WeMultiply" */;
			buildPhases = (
				419965362367703E00D4E68A /* Sources */,
				419965372367703E00D4E68A /* Frameworks */,
				419965382367703E00D4E68A /* Resources */,
			);
			buildRules = (
			);
			dependencies = (
			);
			name = WeMultiply;
			productName = WeMultiply;
			productReference = 4199653A2367703E00D4E68A /* WeMultiply.app */;
			productType = "com.apple.product-type.application";
		};
/* End PBXNativeTarget section */

/* Begin PBXProject section */
		419965322367703E00D4E68A /* Project object */ = {
			isa = PBXProject;
			attributes = {
				LastSwiftUpdateCheck = 1120;
				LastUpgradeCheck = 1120;
				ORGANIZATIONNAME = BX23;
				TargetAttributes = {
					419965392367703E00D4E68A = {
						CreatedOnToolsVersion = 11.2;
					};
				};
			};
			buildConfigurationList = 419965352367703E00D4E68A /* Build configuration list for PBXProject "WeMultiply" */;
			compatibilityVersion = "Xcode 9.3";
			developmentRegion = en;
			hasScannedForEncodings = 0;
			knownRegions = (
				en,
				Base,
			);
			mainGroup = 419965312367703E00D4E68A;
			productRefGroup = 4199653B2367703E00D4E68A /* Products */;
			projectDirPath = "";
			projectRoot = "";
			targets = (
				419965392367703E00D4E68A /* WeMultiply */,
			);
		};
/* End PBXProject section */

/* Begin PBXResourcesBuildPhase section */
		419965382367703E00D4E68A /* Resources */ = {
			isa = PBXResourcesBuildPhase;
			buildActionMask = 2147483647;
			files = (
				4199654A2367703F00D4E68A /* LaunchScreen.storyboard in Resources */,
				419965472367703F00D4E68A /* Preview Assets.xcassets in Resources */,
				419965442367703F00D4E68A /* Assets.xcassets in Resources */,
			);
			runOnlyForDeploymentPostprocessing = 0;
		};
/* End PBXResourcesBuildPhase section */

/* Begin PBXSourcesBuildPhase section */
		419965362367703E00D4E68A /* Sources */ = {
			isa = PBXSourcesBuildPhase;
			buildActionMask = 2147483647;
			files = (
				41958246236B23680069CF48 /* QuestionView.swift in Sources */,
				41958244236B234E0069CF48 /* CompletionView.swift in Sources */,
				4195824A236B23D60069CF48 /* DotsView.swift in Sources */,
				4199653E2367703E00D4E68A /* AppDelegate.swift in Sources */,
				41958248236B239F0069CF48 /* SettingsView.swift in Sources */,
				419965402367703E00D4E68A /* SceneDelegate.swift in Sources */,
				419965422367703E00D4E68A /* ContentView.swift in Sources */,
			);
			runOnlyForDeploymentPostprocessing = 0;
		};
/* End PBXSourcesBuildPhase section */

/* Begin PBXVariantGroup section */
		419965482367703F00D4E68A /* LaunchScreen.storyboard */ = {
			isa = PBXVariantGroup;
			children = (
				419965492367703F00D4E68A /* Base */,
			);
			name = LaunchScreen.storyboard;
			sourceTree = "<group>";
		};
/* End PBXVariantGroup section */

/* Begin XCBuildConfiguration section */
		4199654C2367703F00D4E68A /* Debug */ = {
			isa = XCBuildConfiguration;
			buildSettings = {
				ALWAYS_SEARCH_USER_PATHS = NO;
				CLANG_ANALYZER_NONNULL = YES;
				CLANG_ANALYZER_NUMBER_OBJECT_CONVERSION = YES_AGGRESSIVE;
				CLANG_CXX_LANGUAGE_STANDARD = "gnu++14";
				CLANG_CXX_LIBRARY = "libc++";
				CLANG_ENABLE_MODULES = YES;
				CLANG_ENABLE_OBJC_ARC = YES;
				CLANG_ENABLE_OBJC_WEAK = YES;
				CLANG_WARN_BLOCK_CAPTURE_AUTORELEASING = YES;
				CLANG_WARN_BOOL_CONVERSION = YES;
				CLANG_WARN_COMMA = YES;
				CLANG_WARN_CONSTANT_CONVERSION = YES;
				CLANG_WARN_DEPRECATED_OBJC_IMPLEMENTATIONS = YES;
				CLANG_WARN_DIRECT_OBJC_ISA_USAGE = YES_ERROR;
				CLANG_WARN_DOCUMENTATION_COMMENTS = YES;
				CLANG_WARN_EMPTY_BODY = YES;
				CLANG_WARN_ENUM_CONVERSION = YES;
				CLANG_WARN_INFINITE_RECURSION = YES;
				CLANG_WARN_INT_CONVERSION = YES;
				CLANG_WARN_NON_LITERAL_NULL_CONVERSION = YES;
				CLANG_WARN_OBJC_IMPLICIT_RETAIN_SELF = YES;
				CLANG_WARN_OBJC_LITERAL_CONVERSION = YES;
				CLANG_WARN_OBJC_ROOT_CLASS = YES_ERROR;
				CLANG_WARN_RANGE_LOOP_ANALYSIS = YES;
				CLANG_WARN_STRICT_PROTOTYPES = YES;
				CLANG_WARN_SUSPICIOUS_MOVE = YES;
				CLANG_WARN_UNGUARDED_AVAILABILITY = YES_AGGRESSIVE;
				CLANG_WARN_UNREACHABLE_CODE = YES;
				CLANG_WARN__DUPLICATE_METHOD_MATCH = YES;
				COPY_PHASE_STRIP = NO;
				DEBUG_INFORMATION_FORMAT = dwarf;
				ENABLE_STRICT_OBJC_MSGSEND = YES;
				ENABLE_TESTABILITY = YES;
				GCC_C_LANGUAGE_STANDARD = gnu11;
				GCC_DYNAMIC_NO_PIC = NO;
				GCC_NO_COMMON_BLOCKS = YES;
				GCC_OPTIMIZATION_LEVEL = 0;
				GCC_PREPROCESSOR_DEFINITIONS = (
					"DEBUG=1",
					"$(inherited)",
				);
				GCC_WARN_64_TO_32_BIT_CONVERSION = YES;
				GCC_WARN_ABOUT_RETURN_TYPE = YES_ERROR;
				GCC_WARN_UNDECLARED_SELECTOR = YES;
				GCC_WARN_UNINITIALIZED_AUTOS = YES_AGGRESSIVE;
				GCC_WARN_UNUSED_FUNCTION = YES;
				GCC_WARN_UNUSED_VARIABLE = YES;
				IPHONEOS_DEPLOYMENT_TARGET = 13.2;
				MTL_ENABLE_DEBUG_INFO = INCLUDE_SOURCE;
				MTL_FAST_MATH = YES;
				ONLY_ACTIVE_ARCH = YES;
				SDKROOT = iphoneos;
				SWIFT_ACTIVE_COMPILATION_CONDITIONS = DEBUG;
				SWIFT_OPTIMIZATION_LEVEL = "-Onone";
			};
			name = Debug;
		};
		4199654D2367703F00D4E68A /* Release */ = {
			isa = XCBuildConfiguration;
			buildSettings = {
				ALWAYS_SEARCH_USER_PATHS = NO;
				CLANG_ANALYZER_NONNULL = YES;
				CLANG_ANALYZER_NUMBER_OBJECT_CONVERSION = YES_AGGRESSIVE;
				CLANG_CXX_LANGUAGE_STANDARD = "gnu++14";
				CLANG_CXX_LIBRARY = "libc++";
				CLANG_ENABLE_MODULES = YES;
				CLANG_ENABLE_OBJC_ARC = YES;
				CLANG_ENABLE_OBJC_WEAK = YES;
				CLANG_WARN_BLOCK_CAPTURE_AUTORELEASING = YES;
				CLANG_WARN_BOOL_CONVERSION = YES;
				CLANG_WARN_COMMA = YES;
				CLANG_WARN_CONSTANT_CONVERSION = YES;
				CLANG_WARN_DEPRECATED_OBJC_IMPLEMENTATIONS = YES;
				CLANG_WARN_DIRECT_OBJC_ISA_USAGE = YES_ERROR;
				CLANG_WARN_DOCUMENTATION_COMMENTS = YES;
				CLANG_WARN_EMPTY_BODY = YES;
				CLANG_WARN_ENUM_CONVERSION = YES;
				CLANG_WARN_INFINITE_RECURSION = YES;
				CLANG_WARN_INT_CONVERSION = YES;
				CLANG_WARN_NON_LITERAL_NULL_CONVERSION = YES;
				CLANG_WARN_OBJC_IMPLICIT_RETAIN_SELF = YES;
				CLANG_WARN_OBJC_LITERAL_CONVERSION = YES;
				CLANG_WARN_OBJC_ROOT_CLASS = YES_ERROR;
				CLANG_WARN_RANGE_LOOP_ANALYSIS = YES;
				CLANG_WARN_STRICT_PROTOTYPES = YES;
				CLANG_WARN_SUSPICIOUS_MOVE = YES;
				CLANG_WARN_UNGUARDED_AVAILABILITY = YES_AGGRESSIVE;
				CLANG_WARN_UNREACHABLE_CODE = YES;
				CLANG_WARN__DUPLICATE_METHOD_MATCH = YES;
				COPY_PHASE_STRIP = NO;
				DEBUG_INFORMATION_FORMAT = "dwarf-with-dsym";
				ENABLE_NS_ASSERTIONS = NO;
				ENABLE_STRICT_OBJC_MSGSEND = YES;
				GCC_C_LANGUAGE_STANDARD = gnu11;
				GCC_NO_COMMON_BLOCKS = YES;
				GCC_WARN_64_TO_32_BIT_CONVERSION = YES;
				GCC_WARN_ABOUT_RETURN_TYPE = YES_ERROR;
				GCC_WARN_UNDECLARED_SELECTOR = YES;
				GCC_WARN_UNINITIALIZED_AUTOS = YES_AGGRESSIVE;
				GCC_WARN_UNUSED_FUNCTION = YES;
				GCC_WARN_UNUSED_VARIABLE = YES;
				IPHONEOS_DEPLOYMENT_TARGET = 13.2;
				MTL_ENABLE_DEBUG_INFO = NO;
				MTL_FAST_MATH = YES;
				SDKROOT = iphoneos;
				SWIFT_COMPILATION_MODE = wholemodule;
				SWIFT_OPTIMIZATION_LEVEL = "-O";
				VALIDATE_PRODUCT = YES;
			};
			name = Release;
		};
		4199654F2367703F00D4E68A /* Debug */ = {
			isa = XCBuildConfiguration;
			buildSettings = {
				ASSETCATALOG_COMPILER_APPICON_NAME = AppIcon;
				CODE_SIGN_STYLE = Automatic;
				DEVELOPMENT_ASSET_PATHS = "\"WeMultiply/Preview Content\"";
				DEVELOPMENT_TEAM = RM2BJQGCYC;
				ENABLE_PREVIEWS = YES;
				INFOPLIST_FILE = WeMultiply/Info.plist;
				IPHONEOS_DEPLOYMENT_TARGET = 13.0;
				LD_RUNPATH_SEARCH_PATHS = (
					"$(inherited)",
					"@executable_path/Frameworks",
				);
				PRODUCT_BUNDLE_IDENTIFIER = "net.bx23.100-days-of-swiftui.WeMultiply";
				PRODUCT_NAME = "$(TARGET_NAME)";
				SWIFT_VERSION = 5.0;
				TARGETED_DEVICE_FAMILY = "1,2";
			};
			name = Debug;
		};
		419965502367703F00D4E68A /* Release */ = {
			isa = XCBuildConfiguration;
			buildSettings = {
				ASSETCATALOG_COMPILER_APPICON_NAME = AppIcon;
				CODE_SIGN_STYLE = Automatic;
				DEVELOPMENT_ASSET_PATHS = "\"WeMultiply/Preview Content\"";
				DEVELOPMENT_TEAM = RM2BJQGCYC;
				ENABLE_PREVIEWS = YES;
				INFOPLIST_FILE = WeMultiply/Info.plist;
				IPHONEOS_DEPLOYMENT_TARGET = 13.0;
				LD_RUNPATH_SEARCH_PATHS = (
					"$(inherited)",
					"@executable_path/Frameworks",
				);
				PRODUCT_BUNDLE_IDENTIFIER = "net.bx23.100-days-of-swiftui.WeMultiply";
				PRODUCT_NAME = "$(TARGET_NAME)";
				SWIFT_VERSION = 5.0;
				TARGETED_DEVICE_FAMILY = "1,2";
			};
			name = Release;
		};
/* End XCBuildConfiguration section */

/* Begin XCConfigurationList section */
		419965352367703E00D4E68A /* Build configuration list for PBXProject "WeMultiply" */ = {
			isa = XCConfigurationList;
			buildConfigurations = (
				4199654C2367703F00D4E68A /* Debug */,
				4199654D2367703F00D4E68A /* Release */,
			);
			defaultConfigurationIsVisible = 0;
			defaultConfigurationName = Release;
		};
		4199654E2367703F00D4E68A /* Build configuration list for PBXNativeTarget "WeMultiply" */ = {
			isa = XCConfigurationList;
			buildConfigurations = (
				4199654F2367703F00D4E68A /* Debug */,
				419965502367703F00D4E68A /* Release */,
			);
			defaultConfigurationIsVisible = 0;
			defaultConfigurationName = Release;
		};
/* End XCConfigurationList section */
	};
	rootObject = 419965322367703E00D4E68A /* Project object */;
}
