// !$*UTF8*$!
{
	archiveVersion = 1;
	classes = {
	};
	objectVersion = 50;
	objects = {

/* Begin PBXBuildFile section */
		4104145D2387F92F00E461CF /* AppDelegate.swift in Sources */ = {isa = PBXBuildFile; fileRef = 4104145C2387F92F00E461CF /* AppDelegate.swift */; };
		4104145F2387F92F00E461CF /* SceneDelegate.swift in Sources */ = {isa = PBXBuildFile; fileRef = 4104145E2387F92F00E461CF /* SceneDelegate.swift */; };
		410414622387F92F00E461CF /* WeFriends.xcdatamodeld in Sources */ = {isa = PBXBuildFile; fileRef = 410414602387F92F00E461CF /* WeFriends.xcdatamodeld */; };
		410414642387F92F00E461CF /* ContentView.swift in Sources */ = {isa = PBXBuildFile; fileRef = 410414632387F92F00E461CF /* ContentView.swift */; };
		410414662387F93100E461CF /* Assets.xcassets in Resources */ = {isa = PBXBuildFile; fileRef = 410414652387F93100E461CF /* Assets.xcassets */; };
		410414692387F93100E461CF /* Preview Assets.xcassets in Resources */ = {isa = PBXBuildFile; fileRef = 410414682387F93100E461CF /* Preview Assets.xcassets */; };
		4104146C2387F93100E461CF /* LaunchScreen.storyboard in Resources */ = {isa = PBXBuildFile; fileRef = 4104146A2387F93100E461CF /* LaunchScreen.storyboard */; };
		410414752387F99900E461CF /* User.swift in Sources */ = {isa = PBXBuildFile; fileRef = 410414742387F99900E461CF /* User.swift */; };
		410414772387FA2900E461CF /* Friend.swift in Sources */ = {isa = PBXBuildFile; fileRef = 410414762387FA2900E461CF /* Friend.swift */; };
		410414792387FA9200E461CF /* Storage.swift in Sources */ = {isa = PBXBuildFile; fileRef = 410414782387FA9200E461CF /* Storage.swift */; };
/* End PBXBuildFile section */

/* Begin PBXFileReference section */
		410414592387F92F00E461CF /* WeFriends.app */ = {isa = PBXFileReference; explicitFileType = wrapper.application; includeInIndex = 0; path = WeFriends.app; sourceTree = BUILT_PRODUCTS_DIR; };
		4104145C2387F92F00E461CF /* AppDelegate.swift */ = {isa = PBXFileReference; lastKnownFileType = sourcecode.swift; path = AppDelegate.swift; sourceTree = "<group>"; };
		4104145E2387F92F00E461CF /* SceneDelegate.swift */ = {isa = PBXFileReference; lastKnownFileType = sourcecode.swift; path = SceneDelegate.swift; sourceTree = "<group>"; };
		410414612387F92F00E461CF /* WeFriends.xcdatamodel */ = {isa = PBXFileReference; lastKnownFileType = wrapper.xcdatamodel; path = WeFriends.xcdatamodel; sourceTree = "<group>"; };
		410414632387F92F00E461CF /* ContentView.swift */ = {isa = PBXFileReference; lastKnownFileType = sourcecode.swift; path = ContentView.swift; sourceTree = "<group>"; };
		410414652387F93100E461CF /* Assets.xcassets */ = {isa = PBXFileReference; lastKnownFileType = folder.assetcatalog; path = Assets.xcassets; sourceTree = "<group>"; };
		410414682387F93100E461CF /* Preview Assets.xcassets */ = {isa = PBXFileReference; lastKnownFileType = folder.assetcatalog; path = "Preview Assets.xcassets"; sourceTree = "<group>"; };
		4104146B2387F93100E461CF /* Base */ = {isa = PBXFileReference; lastKnownFileType = file.storyboard; name = Base; path = Base.lproj/LaunchScreen.storyboard; sourceTree = "<group>"; };
		4104146D2387F93100E461CF /* Info.plist */ = {isa = PBXFileReference; lastKnownFileType = text.plist.xml; path = Info.plist; sourceTree = "<group>"; };
		410414742387F99900E461CF /* User.swift */ = {isa = PBXFileReference; lastKnownFileType = sourcecode.swift; path = User.swift; sourceTree = "<group>"; };
		410414762387FA2900E461CF /* Friend.swift */ = {isa = PBXFileReference; lastKnownFileType = sourcecode.swift; path = Friend.swift; sourceTree = "<group>"; };
		410414782387FA9200E461CF /* Storage.swift */ = {isa = PBXFileReference; lastKnownFileType = sourcecode.swift; path = Storage.swift; sourceTree = "<group>"; };
/* End PBXFileReference section */

/* Begin PBXFrameworksBuildPhase section */
		410414562387F92F00E461CF /* Frameworks */ = {
			isa = PBXFrameworksBuildPhase;
			buildActionMask = 2147483647;
			files = (
			);
			runOnlyForDeploymentPostprocessing = 0;
		};
/* End PBXFrameworksBuildPhase section */

/* Begin PBXGroup section */
		410414502387F92F00E461CF = {
			isa = PBXGroup;
			children = (
				4104145B2387F92F00E461CF /* WeFriends */,
				4104145A2387F92F00E461CF /* Products */,
			);
			sourceTree = "<group>";
		};
		4104145A2387F92F00E461CF /* Products */ = {
			isa = PBXGroup;
			children = (
				410414592387F92F00E461CF /* WeFriends.app */,
			);
			name = Products;
			sourceTree = "<group>";
		};
		4104145B2387F92F00E461CF /* WeFriends */ = {
			isa = PBXGroup;
			children = (
				410414732387F98800E461CF /* Model */,
				4104145C2387F92F00E461CF /* AppDelegate.swift */,
				4104145E2387F92F00E461CF /* SceneDelegate.swift */,
				410414632387F92F00E461CF /* ContentView.swift */,
				410414652387F93100E461CF /* Assets.xcassets */,
				4104146A2387F93100E461CF /* LaunchScreen.storyboard */,
				4104146D2387F93100E461CF /* Info.plist */,
				410414602387F92F00E461CF /* WeFriends.xcdatamodeld */,
				410414672387F93100E461CF /* Preview Content */,
			);
			path = WeFriends;
			sourceTree = "<group>";
		};
		410414672387F93100E461CF /* Preview Content */ = {
			isa = PBXGroup;
			children = (
				410414682387F93100E461CF /* Preview Assets.xcassets */,
			);
			path = "Preview Content";
			sourceTree = "<group>";
		};
		410414732387F98800E461CF /* Model */ = {
			isa = PBXGroup;
			children = (
				410414742387F99900E461CF /* User.swift */,
				410414762387FA2900E461CF /* Friend.swift */,
				410414782387FA9200E461CF /* Storage.swift */,
			);
			path = Model;
			sourceTree = "<group>";
		};
/* End PBXGroup section */

/* Begin PBXNativeTarget section */
		410414582387F92F00E461CF /* WeFriends */ = {
			isa = PBXNativeTarget;
			buildConfigurationList = 410414702387F93100E461CF /* Build configuration list for PBXNativeTarget "WeFriends" */;
			buildPhases = (
				410414552387F92F00E461CF /* Sources */,
				410414562387F92F00E461CF /* Frameworks */,
				410414572387F92F00E461CF /* Resources */,
			);
			buildRules = (
			);
			dependencies = (
			);
			name = WeFriends;
			productName = WeFriends;
			productReference = 410414592387F92F00E461CF /* WeFriends.app */;
			productType = "com.apple.product-type.application";
		};
/* End PBXNativeTarget section */

/* Begin PBXProject section */
		410414512387F92F00E461CF /* Project object */ = {
			isa = PBXProject;
			attributes = {
				LastSwiftUpdateCheck = 1120;
				LastUpgradeCheck = 1120;
				ORGANIZATIONNAME = BX23;
				TargetAttributes = {
					410414582387F92F00E461CF = {
						CreatedOnToolsVersion = 11.2;
					};
				};
			};
			buildConfigurationList = 410414542387F92F00E461CF /* Build configuration list for PBXProject "WeFriends" */;
			compatibilityVersion = "Xcode 9.3";
			developmentRegion = en;
			hasScannedForEncodings = 0;
			knownRegions = (
				en,
				Base,
			);
			mainGroup = 410414502387F92F00E461CF;
			productRefGroup = 4104145A2387F92F00E461CF /* Products */;
			projectDirPath = "";
			projectRoot = "";
			targets = (
				410414582387F92F00E461CF /* WeFriends */,
			);
		};
/* End PBXProject section */

/* Begin PBXResourcesBuildPhase section */
		410414572387F92F00E461CF /* Resources */ = {
			isa = PBXResourcesBuildPhase;
			buildActionMask = 2147483647;
			files = (
				4104146C2387F93100E461CF /* LaunchScreen.storyboard in Resources */,
				410414692387F93100E461CF /* Preview Assets.xcassets in Resources */,
				410414662387F93100E461CF /* Assets.xcassets in Resources */,
			);
			runOnlyForDeploymentPostprocessing = 0;
		};
/* End PBXResourcesBuildPhase section */

/* Begin PBXSourcesBuildPhase section */
		410414552387F92F00E461CF /* Sources */ = {
			isa = PBXSourcesBuildPhase;
			buildActionMask = 2147483647;
			files = (
				410414622387F92F00E461CF /* WeFriends.xcdatamodeld in Sources */,
				410414792387FA9200E461CF /* Storage.swift in Sources */,
				4104145D2387F92F00E461CF /* AppDelegate.swift in Sources */,
				410414642387F92F00E461CF /* ContentView.swift in Sources */,
				410414772387FA2900E461CF /* Friend.swift in Sources */,
				410414752387F99900E461CF /* User.swift in Sources */,
				4104145F2387F92F00E461CF /* SceneDelegate.swift in Sources */,
			);
			runOnlyForDeploymentPostprocessing = 0;
		};
/* End PBXSourcesBuildPhase section */

/* Begin PBXVariantGroup section */
		4104146A2387F93100E461CF /* LaunchScreen.storyboard */ = {
			isa = PBXVariantGroup;
			children = (
				4104146B2387F93100E461CF /* Base */,
			);
			name = LaunchScreen.storyboard;
			sourceTree = "<group>";
		};
/* End PBXVariantGroup section */

/* Begin XCBuildConfiguration section */
		4104146E2387F93100E461CF /* Debug */ = {
			isa = XCBuildConfiguration;
			buildSettings = {
				ALWAYS_SEARCH_USER_PATHS = NO;
				CLANG_ANALYZER_NONNULL = YES;
				CLANG_ANALYZER_NUMBER_OBJECT_CONVERSION = YES_AGGRESSIVE;
				CLANG_CXX_LANGUAGE_STANDARD = "gnu++14";
				CLANG_CXX_LIBRARY = "libc++";
				CLANG_ENABLE_MODULES = YES;
				CLANG_ENABLE_OBJC_ARC = YES;
				CLANG_ENABLE_OBJC_WEAK = YES;
				CLANG_WARN_BLOCK_CAPTURE_AUTORELEASING = YES;
				CLANG_WARN_BOOL_CONVERSION = YES;
				CLANG_WARN_COMMA = YES;
				CLANG_WARN_CONSTANT_CONVERSION = YES;
				CLANG_WARN_DEPRECATED_OBJC_IMPLEMENTATIONS = YES;
				CLANG_WARN_DIRECT_OBJC_ISA_USAGE = YES_ERROR;
				CLANG_WARN_DOCUMENTATION_COMMENTS = YES;
				CLANG_WARN_EMPTY_BODY = YES;
				CLANG_WARN_ENUM_CONVERSION = YES;
				CLANG_WARN_INFINITE_RECURSION = YES;
				CLANG_WARN_INT_CONVERSION = YES;
				CLANG_WARN_NON_LITERAL_NULL_CONVERSION = YES;
				CLANG_WARN_OBJC_IMPLICIT_RETAIN_SELF = YES;
				CLANG_WARN_OBJC_LITERAL_CONVERSION = YES;
				CLANG_WARN_OBJC_ROOT_CLASS = YES_ERROR;
				CLANG_WARN_RANGE_LOOP_ANALYSIS = YES;
				CLANG_WARN_STRICT_PROTOTYPES = YES;
				CLANG_WARN_SUSPICIOUS_MOVE = YES;
				CLANG_WARN_UNGUARDED_AVAILABILITY = YES_AGGRESSIVE;
				CLANG_WARN_UNREACHABLE_CODE = YES;
				CLANG_WARN__DUPLICATE_METHOD_MATCH = YES;
				COPY_PHASE_STRIP = NO;
				DEBUG_INFORMATION_FORMAT = dwarf;
				ENABLE_STRICT_OBJC_MSGSEND = YES;
				ENABLE_TESTABILITY = YES;
				GCC_C_LANGUAGE_STANDARD = gnu11;
				GCC_DYNAMIC_NO_PIC = NO;
				GCC_NO_COMMON_BLOCKS = YES;
				GCC_OPTIMIZATION_LEVEL = 0;
				GCC_PREPROCESSOR_DEFINITIONS = (
					"DEBUG=1",
					"$(inherited)",
				);
				GCC_WARN_64_TO_32_BIT_CONVERSION = YES;
				GCC_WARN_ABOUT_RETURN_TYPE = YES_ERROR;
				GCC_WARN_UNDECLARED_SELECTOR = YES;
				GCC_WARN_UNINITIALIZED_AUTOS = YES_AGGRESSIVE;
				GCC_WARN_UNUSED_FUNCTION = YES;
				GCC_WARN_UNUSED_VARIABLE = YES;
				IPHONEOS_DEPLOYMENT_TARGET = 13.2;
				MTL_ENABLE_DEBUG_INFO = INCLUDE_SOURCE;
				MTL_FAST_MATH = YES;
				ONLY_ACTIVE_ARCH = YES;
				SDKROOT = iphoneos;
				SWIFT_ACTIVE_COMPILATION_CONDITIONS = DEBUG;
				SWIFT_OPTIMIZATION_LEVEL = "-Onone";
			};
			name = Debug;
		};
		4104146F2387F93100E461CF /* Release */ = {
			isa = XCBuildConfiguration;
			buildSettings = {
				ALWAYS_SEARCH_USER_PATHS = NO;
				CLANG_ANALYZER_NONNULL = YES;
				CLANG_ANALYZER_NUMBER_OBJECT_CONVERSION = YES_AGGRESSIVE;
				CLANG_CXX_LANGUAGE_STANDARD = "gnu++14";
				CLANG_CXX_LIBRARY = "libc++";
				CLANG_ENABLE_MODULES = YES;
				CLANG_ENABLE_OBJC_ARC = YES;
				CLANG_ENABLE_OBJC_WEAK = YES;
				CLANG_WARN_BLOCK_CAPTURE_AUTORELEASING = YES;
				CLANG_WARN_BOOL_CONVERSION = YES;
				CLANG_WARN_COMMA = YES;
				CLANG_WARN_CONSTANT_CONVERSION = YES;
				CLANG_WARN_DEPRECATED_OBJC_IMPLEMENTATIONS = YES;
				CLANG_WARN_DIRECT_OBJC_ISA_USAGE = YES_ERROR;
				CLANG_WARN_DOCUMENTATION_COMMENTS = YES;
				CLANG_WARN_EMPTY_BODY = YES;
				CLANG_WARN_ENUM_CONVERSION = YES;
				CLANG_WARN_INFINITE_RECURSION = YES;
				CLANG_WARN_INT_CONVERSION = YES;
				CLANG_WARN_NON_LITERAL_NULL_CONVERSION = YES;
				CLANG_WARN_OBJC_IMPLICIT_RETAIN_SELF = YES;
				CLANG_WARN_OBJC_LITERAL_CONVERSION = YES;
				CLANG_WARN_OBJC_ROOT_CLASS = YES_ERROR;
				CLANG_WARN_RANGE_LOOP_ANALYSIS = YES;
				CLANG_WARN_STRICT_PROTOTYPES = YES;
				CLANG_WARN_SUSPICIOUS_MOVE = YES;
				CLANG_WARN_UNGUARDED_AVAILABILITY = YES_AGGRESSIVE;
				CLANG_WARN_UNREACHABLE_CODE = YES;
				CLANG_WARN__DUPLICATE_METHOD_MATCH = YES;
				COPY_PHASE_STRIP = NO;
				DEBUG_INFORMATION_FORMAT = "dwarf-with-dsym";
				ENABLE_NS_ASSERTIONS = NO;
				ENABLE_STRICT_OBJC_MSGSEND = YES;
				GCC_C_LANGUAGE_STANDARD = gnu11;
				GCC_NO_COMMON_BLOCKS = YES;
				GCC_WARN_64_TO_32_BIT_CONVERSION = YES;
				GCC_WARN_ABOUT_RETURN_TYPE = YES_ERROR;
				GCC_WARN_UNDECLARED_SELECTOR = YES;
				GCC_WARN_UNINITIALIZED_AUTOS = YES_AGGRESSIVE;
				GCC_WARN_UNUSED_FUNCTION = YES;
				GCC_WARN_UNUSED_VARIABLE = YES;
				IPHONEOS_DEPLOYMENT_TARGET = 13.2;
				MTL_ENABLE_DEBUG_INFO = NO;
				MTL_FAST_MATH = YES;
				SDKROOT = iphoneos;
				SWIFT_COMPILATION_MODE = wholemodule;
				SWIFT_OPTIMIZATION_LEVEL = "-O";
				VALIDATE_PRODUCT = YES;
			};
			name = Release;
		};
		410414712387F93100E461CF /* Debug */ = {
			isa = XCBuildConfiguration;
			buildSettings = {
				ASSETCATALOG_COMPILER_APPICON_NAME = AppIcon;
				CODE_SIGN_STYLE = Automatic;
				DEVELOPMENT_ASSET_PATHS = "\"WeFriends/Preview Content\"";
				DEVELOPMENT_TEAM = RM2BJQGCYC;
				ENABLE_PREVIEWS = YES;
				INFOPLIST_FILE = WeFriends/Info.plist;
				LD_RUNPATH_SEARCH_PATHS = (
					"$(inherited)",
					"@executable_path/Frameworks",
				);
				PRODUCT_BUNDLE_IDENTIFIER = "net.bx23.100-days-of-swiftui.WeFriends";
				PRODUCT_NAME = "$(TARGET_NAME)";
				SWIFT_VERSION = 5.0;
				TARGETED_DEVICE_FAMILY = "1,2";
			};
			name = Debug;
		};
		410414722387F93100E461CF /* Release */ = {
			isa = XCBuildConfiguration;
			buildSettings = {
				ASSETCATALOG_COMPILER_APPICON_NAME = AppIcon;
				CODE_SIGN_STYLE = Automatic;
				DEVELOPMENT_ASSET_PATHS = "\"WeFriends/Preview Content\"";
				DEVELOPMENT_TEAM = RM2BJQGCYC;
				ENABLE_PREVIEWS = YES;
				INFOPLIST_FILE = WeFriends/Info.plist;
				LD_RUNPATH_SEARCH_PATHS = (
					"$(inherited)",
					"@executable_path/Frameworks",
				);
				PRODUCT_BUNDLE_IDENTIFIER = "net.bx23.100-days-of-swiftui.WeFriends";
				PRODUCT_NAME = "$(TARGET_NAME)";
				SWIFT_VERSION = 5.0;
				TARGETED_DEVICE_FAMILY = "1,2";
			};
			name = Release;
		};
/* End XCBuildConfiguration section */

/* Begin XCConfigurationList section */
		410414542387F92F00E461CF /* Build configuration list for PBXProject "WeFriends" */ = {
			isa = XCConfigurationList;
			buildConfigurations = (
				4104146E2387F93100E461CF /* Debug */,
				4104146F2387F93100E461CF /* Release */,
			);
			defaultConfigurationIsVisible = 0;
			defaultConfigurationName = Release;
		};
		410414702387F93100E461CF /* Build configuration list for PBXNativeTarget "WeFriends" */ = {
			isa = XCConfigurationList;
			buildConfigurations = (
				410414712387F93100E461CF /* Debug */,
				410414722387F93100E461CF /* Release */,
			);
			defaultConfigurationIsVisible = 0;
			defaultConfigurationName = Release;
		};
/* End XCConfigurationList section */

/* Begin XCVersionGroup section */
		410414602387F92F00E461CF /* WeFriends.xcdatamodeld */ = {
			isa = XCVersionGroup;
			children = (
				410414612387F92F00E461CF /* WeFriends.xcdatamodel */,
			);
			currentVersion = 410414612387F92F00E461CF /* WeFriends.xcdatamodel */;
			path = WeFriends.xcdatamodeld;
			sourceTree = "<group>";
			versionGroupType = wrapper.xcdatamodel;
		};
/* End XCVersionGroup section */
	};
	rootObject = 410414512387F92F00E461CF /* Project object */;
}
