// !$*UTF8*$!
{
	archiveVersion = 1;
	classes = {
	};
	objectVersion = 50;
	objects = {

/* Begin PBXBuildFile section */
		413E1B2B235DA13C00CF7382 /* AppDelegate.swift in Sources */ = {isa = PBXBuildFile; fileRef = 413E1B2A235DA13C00CF7382 /* AppDelegate.swift */; };
		413E1B2D235DA13C00CF7382 /* SceneDelegate.swift in Sources */ = {isa = PBXBuildFile; fileRef = 413E1B2C235DA13C00CF7382 /* SceneDelegate.swift */; };
		413E1B2F235DA13C00CF7382 /* ContentView.swift in Sources */ = {isa = PBXBuildFile; fileRef = 413E1B2E235DA13C00CF7382 /* ContentView.swift */; };
		413E1B31235DA13D00CF7382 /* Assets.xcassets in Resources */ = {isa = PBXBuildFile; fileRef = 413E1B30235DA13D00CF7382 /* Assets.xcassets */; };
		413E1B34235DA13D00CF7382 /* Preview Assets.xcassets in Resources */ = {isa = PBXBuildFile; fileRef = 413E1B33235DA13D00CF7382 /* Preview Assets.xcassets */; };
		413E1B37235DA13D00CF7382 /* LaunchScreen.storyboard in Resources */ = {isa = PBXBuildFile; fileRef = 413E1B35235DA13D00CF7382 /* LaunchScreen.storyboard */; };
/* End PBXBuildFile section */

/* Begin PBXFileReference section */
		413E1B27235DA13C00CF7382 /* Kanobu.app */ = {isa = PBXFileReference; explicitFileType = wrapper.application; includeInIndex = 0; path = Kanobu.app; sourceTree = BUILT_PRODUCTS_DIR; };
		413E1B2A235DA13C00CF7382 /* AppDelegate.swift */ = {isa = PBXFileReference; lastKnownFileType = sourcecode.swift; path = AppDelegate.swift; sourceTree = "<group>"; };
		413E1B2C235DA13C00CF7382 /* SceneDelegate.swift */ = {isa = PBXFileReference; lastKnownFileType = sourcecode.swift; path = SceneDelegate.swift; sourceTree = "<group>"; };
		413E1B2E235DA13C00CF7382 /* ContentView.swift */ = {isa = PBXFileReference; lastKnownFileType = sourcecode.swift; path = ContentView.swift; sourceTree = "<group>"; };
		413E1B30235DA13D00CF7382 /* Assets.xcassets */ = {isa = PBXFileReference; lastKnownFileType = folder.assetcatalog; path = Assets.xcassets; sourceTree = "<group>"; };
		413E1B33235DA13D00CF7382 /* Preview Assets.xcassets */ = {isa = PBXFileReference; lastKnownFileType = folder.assetcatalog; path = "Preview Assets.xcassets"; sourceTree = "<group>"; };
		413E1B36235DA13D00CF7382 /* Base */ = {isa = PBXFileReference; lastKnownFileType = file.storyboard; name = Base; path = Base.lproj/LaunchScreen.storyboard; sourceTree = "<group>"; };
		413E1B38235DA13D00CF7382 /* Info.plist */ = {isa = PBXFileReference; lastKnownFileType = text.plist.xml; path = Info.plist; sourceTree = "<group>"; };
/* End PBXFileReference section */

/* Begin PBXFrameworksBuildPhase section */
		413E1B24235DA13C00CF7382 /* Frameworks */ = {
			isa = PBXFrameworksBuildPhase;
			buildActionMask = 2147483647;
			files = (
			);
			runOnlyForDeploymentPostprocessing = 0;
		};
/* End PBXFrameworksBuildPhase section */

/* Begin PBXGroup section */
		413E1B1E235DA13C00CF7382 = {
			isa = PBXGroup;
			children = (
				413E1B29235DA13C00CF7382 /* Kanobu */,
				413E1B28235DA13C00CF7382 /* Products */,
			);
			sourceTree = "<group>";
		};
		413E1B28235DA13C00CF7382 /* Products */ = {
			isa = PBXGroup;
			children = (
				413E1B27235DA13C00CF7382 /* Kanobu.app */,
			);
			name = Products;
			sourceTree = "<group>";
		};
		413E1B29235DA13C00CF7382 /* Kanobu */ = {
			isa = PBXGroup;
			children = (
				413E1B2A235DA13C00CF7382 /* AppDelegate.swift */,
				413E1B2C235DA13C00CF7382 /* SceneDelegate.swift */,
				413E1B2E235DA13C00CF7382 /* ContentView.swift */,
				413E1B30235DA13D00CF7382 /* Assets.xcassets */,
				413E1B35235DA13D00CF7382 /* LaunchScreen.storyboard */,
				413E1B38235DA13D00CF7382 /* Info.plist */,
				413E1B32235DA13D00CF7382 /* Preview Content */,
			);
			path = Kanobu;
			sourceTree = "<group>";
		};
		413E1B32235DA13D00CF7382 /* Preview Content */ = {
			isa = PBXGroup;
			children = (
				413E1B33235DA13D00CF7382 /* Preview Assets.xcassets */,
			);
			path = "Preview Content";
			sourceTree = "<group>";
		};
/* End PBXGroup section */

/* Begin PBXNativeTarget section */
		413E1B26235DA13C00CF7382 /* Kanobu */ = {
			isa = PBXNativeTarget;
			buildConfigurationList = 413E1B3B235DA13D00CF7382 /* Build configuration list for PBXNativeTarget "Kanobu" */;
			buildPhases = (
				413E1B23235DA13C00CF7382 /* Sources */,
				413E1B24235DA13C00CF7382 /* Frameworks */,
				413E1B25235DA13C00CF7382 /* Resources */,
			);
			buildRules = (
			);
			dependencies = (
			);
			name = Kanobu;
			productName = Kanobu;
			productReference = 413E1B27235DA13C00CF7382 /* Kanobu.app */;
			productType = "com.apple.product-type.application";
		};
/* End PBXNativeTarget section */

/* Begin PBXProject section */
		413E1B1F235DA13C00CF7382 /* Project object */ = {
			isa = PBXProject;
			attributes = {
				LastSwiftUpdateCheck = 1120;
				LastUpgradeCheck = 1120;
				ORGANIZATIONNAME = BX23;
				TargetAttributes = {
					413E1B26235DA13C00CF7382 = {
						CreatedOnToolsVersion = 11.2;
					};
				};
			};
			buildConfigurationList = 413E1B22235DA13C00CF7382 /* Build configuration list for PBXProject "Kanobu" */;
			compatibilityVersion = "Xcode 9.3";
			developmentRegion = en;
			hasScannedForEncodings = 0;
			knownRegions = (
				en,
				Base,
			);
			mainGroup = 413E1B1E235DA13C00CF7382;
			productRefGroup = 413E1B28235DA13C00CF7382 /* Products */;
			projectDirPath = "";
			projectRoot = "";
			targets = (
				413E1B26235DA13C00CF7382 /* Kanobu */,
			);
		};
/* End PBXProject section */

/* Begin PBXResourcesBuildPhase section */
		413E1B25235DA13C00CF7382 /* Resources */ = {
			isa = PBXResourcesBuildPhase;
			buildActionMask = 2147483647;
			files = (
				413E1B37235DA13D00CF7382 /* LaunchScreen.storyboard in Resources */,
				413E1B34235DA13D00CF7382 /* Preview Assets.xcassets in Resources */,
				413E1B31235DA13D00CF7382 /* Assets.xcassets in Resources */,
			);
			runOnlyForDeploymentPostprocessing = 0;
		};
/* End PBXResourcesBuildPhase section */

/* Begin PBXSourcesBuildPhase section */
		413E1B23235DA13C00CF7382 /* Sources */ = {
			isa = PBXSourcesBuildPhase;
			buildActionMask = 2147483647;
			files = (
				413E1B2B235DA13C00CF7382 /* AppDelegate.swift in Sources */,
				413E1B2D235DA13C00CF7382 /* SceneDelegate.swift in Sources */,
				413E1B2F235DA13C00CF7382 /* ContentView.swift in Sources */,
			);
			runOnlyForDeploymentPostprocessing = 0;
		};
/* End PBXSourcesBuildPhase section */

/* Begin PBXVariantGroup section */
		413E1B35235DA13D00CF7382 /* LaunchScreen.storyboard */ = {
			isa = PBXVariantGroup;
			children = (
				413E1B36235DA13D00CF7382 /* Base */,
			);
			name = LaunchScreen.storyboard;
			sourceTree = "<group>";
		};
/* End PBXVariantGroup section */

/* Begin XCBuildConfiguration section */
		413E1B39235DA13D00CF7382 /* Debug */ = {
			isa = XCBuildConfiguration;
			buildSettings = {
				ALWAYS_SEARCH_USER_PATHS = NO;
				CLANG_ANALYZER_NONNULL = YES;
				CLANG_ANALYZER_NUMBER_OBJECT_CONVERSION = YES_AGGRESSIVE;
				CLANG_CXX_LANGUAGE_STANDARD = "gnu++14";
				CLANG_CXX_LIBRARY = "libc++";
				CLANG_ENABLE_MODULES = YES;
				CLANG_ENABLE_OBJC_ARC = YES;
				CLANG_ENABLE_OBJC_WEAK = YES;
				CLANG_WARN_BLOCK_CAPTURE_AUTORELEASING = YES;
				CLANG_WARN_BOOL_CONVERSION = YES;
				CLANG_WARN_COMMA = YES;
				CLANG_WARN_CONSTANT_CONVERSION = YES;
				CLANG_WARN_DEPRECATED_OBJC_IMPLEMENTATIONS = YES;
				CLANG_WARN_DIRECT_OBJC_ISA_USAGE = YES_ERROR;
				CLANG_WARN_DOCUMENTATION_COMMENTS = YES;
				CLANG_WARN_EMPTY_BODY = YES;
				CLANG_WARN_ENUM_CONVERSION = YES;
				CLANG_WARN_INFINITE_RECURSION = YES;
				CLANG_WARN_INT_CONVERSION = YES;
				CLANG_WARN_NON_LITERAL_NULL_CONVERSION = YES;
				CLANG_WARN_OBJC_IMPLICIT_RETAIN_SELF = YES;
				CLANG_WARN_OBJC_LITERAL_CONVERSION = YES;
				CLANG_WARN_OBJC_ROOT_CLASS = YES_ERROR;
				CLANG_WARN_RANGE_LOOP_ANALYSIS = YES;
				CLANG_WARN_STRICT_PROTOTYPES = YES;
				CLANG_WARN_SUSPICIOUS_MOVE = YES;
				CLANG_WARN_UNGUARDED_AVAILABILITY = YES_AGGRESSIVE;
				CLANG_WARN_UNREACHABLE_CODE = YES;
				CLANG_WARN__DUPLICATE_METHOD_MATCH = YES;
				COPY_PHASE_STRIP = NO;
				DEBUG_INFORMATION_FORMAT = dwarf;
				ENABLE_STRICT_OBJC_MSGSEND = YES;
				ENABLE_TESTABILITY = YES;
				GCC_C_LANGUAGE_STANDARD = gnu11;
				GCC_DYNAMIC_NO_PIC = NO;
				GCC_NO_COMMON_BLOCKS = YES;
				GCC_OPTIMIZATION_LEVEL = 0;
				GCC_PREPROCESSOR_DEFINITIONS = (
					"DEBUG=1",
					"$(inherited)",
				);
				GCC_WARN_64_TO_32_BIT_CONVERSION = YES;
				GCC_WARN_ABOUT_RETURN_TYPE = YES_ERROR;
				GCC_WARN_UNDECLARED_SELECTOR = YES;
				GCC_WARN_UNINITIALIZED_AUTOS = YES_AGGRESSIVE;
				GCC_WARN_UNUSED_FUNCTION = YES;
				GCC_WARN_UNUSED_VARIABLE = YES;
				IPHONEOS_DEPLOYMENT_TARGET = 13.2;
				MTL_ENABLE_DEBUG_INFO = INCLUDE_SOURCE;
				MTL_FAST_MATH = YES;
				ONLY_ACTIVE_ARCH = YES;
				SDKROOT = iphoneos;
				SWIFT_ACTIVE_COMPILATION_CONDITIONS = DEBUG;
				SWIFT_OPTIMIZATION_LEVEL = "-Onone";
			};
			name = Debug;
		};
		413E1B3A235DA13D00CF7382 /* Release */ = {
			isa = XCBuildConfiguration;
			buildSettings = {
				ALWAYS_SEARCH_USER_PATHS = NO;
				CLANG_ANALYZER_NONNULL = YES;
				CLANG_ANALYZER_NUMBER_OBJECT_CONVERSION = YES_AGGRESSIVE;
				CLANG_CXX_LANGUAGE_STANDARD = "gnu++14";
				CLANG_CXX_LIBRARY = "libc++";
				CLANG_ENABLE_MODULES = YES;
				CLANG_ENABLE_OBJC_ARC = YES;
				CLANG_ENABLE_OBJC_WEAK = YES;
				CLANG_WARN_BLOCK_CAPTURE_AUTORELEASING = YES;
				CLANG_WARN_BOOL_CONVERSION = YES;
				CLANG_WARN_COMMA = YES;
				CLANG_WARN_CONSTANT_CONVERSION = YES;
				CLANG_WARN_DEPRECATED_OBJC_IMPLEMENTATIONS = YES;
				CLANG_WARN_DIRECT_OBJC_ISA_USAGE = YES_ERROR;
				CLANG_WARN_DOCUMENTATION_COMMENTS = YES;
				CLANG_WARN_EMPTY_BODY = YES;
				CLANG_WARN_ENUM_CONVERSION = YES;
				CLANG_WARN_INFINITE_RECURSION = YES;
				CLANG_WARN_INT_CONVERSION = YES;
				CLANG_WARN_NON_LITERAL_NULL_CONVERSION = YES;
				CLANG_WARN_OBJC_IMPLICIT_RETAIN_SELF = YES;
				CLANG_WARN_OBJC_LITERAL_CONVERSION = YES;
				CLANG_WARN_OBJC_ROOT_CLASS = YES_ERROR;
				CLANG_WARN_RANGE_LOOP_ANALYSIS = YES;
				CLANG_WARN_STRICT_PROTOTYPES = YES;
				CLANG_WARN_SUSPICIOUS_MOVE = YES;
				CLANG_WARN_UNGUARDED_AVAILABILITY = YES_AGGRESSIVE;
				CLANG_WARN_UNREACHABLE_CODE = YES;
				CLANG_WARN__DUPLICATE_METHOD_MATCH = YES;
				COPY_PHASE_STRIP = NO;
				DEBUG_INFORMATION_FORMAT = "dwarf-with-dsym";
				ENABLE_NS_ASSERTIONS = NO;
				ENABLE_STRICT_OBJC_MSGSEND = YES;
				GCC_C_LANGUAGE_STANDARD = gnu11;
				GCC_NO_COMMON_BLOCKS = YES;
				GCC_WARN_64_TO_32_BIT_CONVERSION = YES;
				GCC_WARN_ABOUT_RETURN_TYPE = YES_ERROR;
				GCC_WARN_UNDECLARED_SELECTOR = YES;
				GCC_WARN_UNINITIALIZED_AUTOS = YES_AGGRESSIVE;
				GCC_WARN_UNUSED_FUNCTION = YES;
				GCC_WARN_UNUSED_VARIABLE = YES;
				IPHONEOS_DEPLOYMENT_TARGET = 13.2;
				MTL_ENABLE_DEBUG_INFO = NO;
				MTL_FAST_MATH = YES;
				SDKROOT = iphoneos;
				SWIFT_COMPILATION_MODE = wholemodule;
				SWIFT_OPTIMIZATION_LEVEL = "-O";
				VALIDATE_PRODUCT = YES;
			};
			name = Release;
		};
		413E1B3C235DA13D00CF7382 /* Debug */ = {
			isa = XCBuildConfiguration;
			buildSettings = {
				ASSETCATALOG_COMPILER_APPICON_NAME = AppIcon;
				CODE_SIGN_STYLE = Automatic;
				DEVELOPMENT_ASSET_PATHS = "\"Kanobu/Preview Content\"";
				DEVELOPMENT_TEAM = RM2BJQGCYC;
				ENABLE_PREVIEWS = YES;
				INFOPLIST_FILE = Kanobu/Info.plist;
				LD_RUNPATH_SEARCH_PATHS = (
					"$(inherited)",
					"@executable_path/Frameworks",
				);
				PRODUCT_BUNDLE_IDENTIFIER = "net.bx23.100-days-of-swiftui.Kanobu";
				PRODUCT_NAME = "$(TARGET_NAME)";
				SWIFT_VERSION = 5.0;
				TARGETED_DEVICE_FAMILY = "1,2";
			};
			name = Debug;
		};
		413E1B3D235DA13D00CF7382 /* Release */ = {
			isa = XCBuildConfiguration;
			buildSettings = {
				ASSETCATALOG_COMPILER_APPICON_NAME = AppIcon;
				CODE_SIGN_STYLE = Automatic;
				DEVELOPMENT_ASSET_PATHS = "\"Kanobu/Preview Content\"";
				DEVELOPMENT_TEAM = RM2BJQGCYC;
				ENABLE_PREVIEWS = YES;
				INFOPLIST_FILE = Kanobu/Info.plist;
				LD_RUNPATH_SEARCH_PATHS = (
					"$(inherited)",
					"@executable_path/Frameworks",
				);
				PRODUCT_BUNDLE_IDENTIFIER = "net.bx23.100-days-of-swiftui.Kanobu";
				PRODUCT_NAME = "$(TARGET_NAME)";
				SWIFT_VERSION = 5.0;
				TARGETED_DEVICE_FAMILY = "1,2";
			};
			name = Release;
		};
/* End XCBuildConfiguration section */

/* Begin XCConfigurationList section */
		413E1B22235DA13C00CF7382 /* Build configuration list for PBXProject "Kanobu" */ = {
			isa = XCConfigurationList;
			buildConfigurations = (
				413E1B39235DA13D00CF7382 /* Debug */,
				413E1B3A235DA13D00CF7382 /* Release */,
			);
			defaultConfigurationIsVisible = 0;
			defaultConfigurationName = Release;
		};
		413E1B3B235DA13D00CF7382 /* Build configuration list for PBXNativeTarget "Kanobu" */ = {
			isa = XCConfigurationList;
			buildConfigurations = (
				413E1B3C235DA13D00CF7382 /* Debug */,
				413E1B3D235DA13D00CF7382 /* Release */,
			);
			defaultConfigurationIsVisible = 0;
			defaultConfigurationName = Release;
		};
/* End XCConfigurationList section */
	};
	rootObject = 413E1B1F235DA13C00CF7382 /* Project object */;
}
